
Microsoft Visual Studio Solution File, Format Version 12.00
Project("{2150E333-8FDC-42A3-9474-1A3956D46DE8}") = "Swig", "Swig", "{AD847FCF-69B9-47B7-86F5-B1B3B4464741}"
ProjectSection(SolutionItems) = preProject
	swig\xwiimote.i = swig\xwiimote.i
EndProjectSection
EndProject
Project("{FAE04EC0-301F-11D3-BF4B-00C04F79EFBC}") = "WiiMoteSpotlight.App", "src\WiiMoteSpotlight.App\WiiMoteSpotlight.App.csproj", "{C718C773-46A4-445D-B050-6FBC08D74B2D}"
EndProject
Project("{FAE04EC0-301F-11D3-BF4B-00C04F79EFBC}") = "WiiMoteSpotlight.Lib", "src\WiiMoteSpotlight.Lib\WiiMoteSpotlight.Lib.csproj", "{7F7B48BB-3F0B-471D-903A-1EC6746A46D7}"
EndProject
Project("{FAE04EC0-301F-11D3-BF4B-00C04F79EFBC}") = "WiiMoteSpotlight.Lib.XWiiMote", "src\WiiMoteSpotlight.Lib.XWiiMote\WiiMoteSpotlight.Lib.XWiiMote.csproj", "{F442C0DF-49E0-478F-A339-95A0187F71F1}"
EndProject
Project("{FAE04EC0-301F-11D3-BF4B-00C04F79EFBC}") = "WiiMoteSpotlight.Lib.Virtual", "src\WiiMoteSpotlight.Lib.Virtual\WiiMoteSpotlight.Lib.Virtual.csproj", "{60B90AFF-4F5D-4B36-9552-063FDB998CF4}"
EndProject
Project("{2150E333-8FDC-42A3-9474-1A3956D46DE8}") = "Build", "Build", "{2B784F54-7E12-40D2-A142-67D34684B173}"
ProjectSection(SolutionItems) = preProject
	build.cake = build.cake
	build.ps1 = build.ps1
	build.sh = build.sh
EndProjectSection
EndProject
Global
	GlobalSection(SolutionConfigurationPlatforms) = preSolution
		Debug|Any CPU = Debug|Any CPU
		Release|Any CPU = Release|Any CPU
	EndGlobalSection
	GlobalSection(ProjectConfigurationPlatforms) = postSolution
		{C718C773-46A4-445D-B050-6FBC08D74B2D}.Debug|Any CPU.ActiveCfg = Debug|Any CPU
		{C718C773-46A4-445D-B050-6FBC08D74B2D}.Debug|Any CPU.Build.0 = Debug|Any CPU
		{C718C773-46A4-445D-B050-6FBC08D74B2D}.Release|Any CPU.ActiveCfg = Release|Any CPU
		{C718C773-46A4-445D-B050-6FBC08D74B2D}.Release|Any CPU.Build.0 = Release|Any CPU
		{7F7B48BB-3F0B-471D-903A-1EC6746A46D7}.Debug|Any CPU.ActiveCfg = Debug|Any CPU
		{7F7B48BB-3F0B-471D-903A-1EC6746A46D7}.Debug|Any CPU.Build.0 = Debug|Any CPU
		{7F7B48BB-3F0B-471D-903A-1EC6746A46D7}.Release|Any CPU.ActiveCfg = Release|Any CPU
		{7F7B48BB-3F0B-471D-903A-1EC6746A46D7}.Release|Any CPU.Build.0 = Release|Any CPU
		{F442C0DF-49E0-478F-A339-95A0187F71F1}.Debug|Any CPU.ActiveCfg = Debug|Any CPU
		{F442C0DF-49E0-478F-A339-95A0187F71F1}.Debug|Any CPU.Build.0 = Debug|Any CPU
		{F442C0DF-49E0-478F-A339-95A0187F71F1}.Release|Any CPU.ActiveCfg = Release|Any CPU
		{F442C0DF-49E0-478F-A339-95A0187F71F1}.Release|Any CPU.Build.0 = Release|Any CPU
		{60B90AFF-4F5D-4B36-9552-063FDB998CF4}.Debug|Any CPU.ActiveCfg = Debug|Any CPU
		{60B90AFF-4F5D-4B36-9552-063FDB998CF4}.Debug|Any CPU.Build.0 = Debug|Any CPU
		{60B90AFF-4F5D-4B36-9552-063FDB998CF4}.Release|Any CPU.ActiveCfg = Release|Any CPU
		{60B90AFF-4F5D-4B36-9552-063FDB998CF4}.Release|Any CPU.Build.0 = Release|Any CPU
	EndGlobalSection
EndGlobal
